
Microsoft Visual Studio Solution File, Format Version 12.00
# Visual Studio Version 17
VisualStudioVersion = 17.11.35208.52
MinimumVisualStudioVersion = 10.0.40219.1
Project("{FAE04EC0-301F-11D3-BF4B-00C04F79EFBC}") = "Valid Palindrome", "Valid Palindrome.csproj", "{2DE53343-4024-4786-9158-03715793B12E}"
EndProject
Global
	GlobalSection(SolutionConfigurationPlatforms) = preSolution
		Debug|Any CPU = Debug|Any CPU
		Release|Any CPU = Release|Any CPU
	EndGlobalSection
	GlobalSection(ProjectConfigurationPlatforms) = postSolution
		{2DE53343-4024-4786-9158-03715793B12E}.Debug|Any CPU.ActiveCfg = Debug|Any CPU
		{2DE53343-4024-4786-9158-03715793B12E}.Debug|Any CPU.Build.0 = Debug|Any CPU
		{2DE53343-4024-4786-9158-03715793B12E}.Release|Any CPU.ActiveCfg = Release|Any CPU
		{2DE53343-4024-4786-9158-03715793B12E}.Release|Any CPU.Build.0 = Release|Any CPU
	EndGlobalSection
	GlobalSection(SolutionProperties) = preSolution
		HideSolutionNode = FALSE
	EndGlobalSection
	GlobalSection(ExtensibilityGlobals) = postSolution
		SolutionGuid = {2CCB3726-5D10-4044-9E63-604CF187E8BF}
	EndGlobalSection
EndGlobal
